Microsoft Visual Studio Solution File, Format Version 12.00
# Visual Studio Version 17
VisualStudioVersion = 17.0.31903.59
MinimumVisualStudioVersion = 10.0.40219.1
Project("{9A19103F-16F7-4668-BE54-9A1E7A4F7556}") = "BitacoraAudio.Api", "BitacoraAudio.Api.csproj", "{B1E40857-D8DC-4659-A512-E57A8B7A4F01}"
EndProject
Project("{9A19103F-16F7-4668-BE54-9A1E7A4F7556}") = "BitacoraAudio.Tests", "tests\BitacoraAudio.Tests.csproj", "{F2B8D24E-0A31-4F29-87D2-E40B7E55283C}"
EndProject
Global
	GlobalSection(SolutionConfigurationPlatforms) = preSolution
		Debug|Any CPU = Debug|Any CPU
		Release|Any CPU = Release|Any CPU
	EndGlobalSection
	GlobalSection(ProjectConfigurationPlatforms) = postSolution
		{B1E40857-D8DC-4659-A512-E57A8B7A4F01}.Debug|Any CPU.ActiveCfg = Debug|Any CPU
		{B1E40857-D8DC-4659-A512-E57A8B7A4F01}.Debug|Any CPU.Build.0 = Debug|Any CPU
		{B1E40857-D8DC-4659-A512-E57A8B7A4F01}.Release|Any CPU.ActiveCfg = Release|Any CPU
		{B1E40857-D8DC-4659-A512-E57A8B7A4F01}.Release|Any CPU.Build.0 = Release|Any CPU
		{F2B8D24E-0A31-4F29-87D2-E40B7E55283C}.Debug|Any CPU.ActiveCfg = Debug|Any CPU
		{F2B8D24E-0A31-4F29-87D2-E40B7E55283C}.Debug|Any CPU.Build.0 = Debug|Any CPU
		{F2B8D24E-0A31-4F29-87D2-E40B7E55283C}.Release|Any CPU.ActiveCfg = Release|Any CPU
		{F2B8D24E-0A31-4F29-87D2-E40B7E55283C}.Release|Any CPU.Build.0 = Release|Any CPU
	EndGlobalSection
	GlobalSection(SolutionProperties) = preSolution
		HideSolutionNode = FALSE
	EndGlobalSection
EndGlobal
